
Microsoft Visual Studio Solution File, Format Version 12.00
# Visual Studio Version 17
VisualStudioVersion = 17.8.34601.278
MinimumVisualStudioVersion = 10.0.40219.1
Project("{9A19103F-16F7-4668-BE54-9A1E7A4F7556}") = "NetDocGen", "NetDocGen\NetDocGen.csproj", "{D5801033-F407-40E1-85E6-D547A81D1470}"
EndProject
Project("{9A19103F-16F7-4668-BE54-9A1E7A4F7556}") = "NetDocGen.Runner", "NetDocGen.Runner\NetDocGen.Runner.csproj", "{F0A0BDEE-707F-4C8E-93B0-CFE199A861C9}"
EndProject
Project("{2150E333-8FDC-42A3-9474-1A3956D46DE8}") = ".github", ".github", "{2EF8ADE1-C2A8-466F-9871-ABC2F73C8911}"
EndProject
Project("{2150E333-8FDC-42A3-9474-1A3956D46DE8}") = "workflows", "workflows", "{551F6C53-6F6D-4A1D-896F-56216C99C216}"
	ProjectSection(SolutionItems) = preProject
		..\.github\workflows\build.yml = ..\.github\workflows\build.yml
		..\.github\workflows\build_n_test.yml = ..\.github\workflows\build_n_test.yml
		..\.github\workflows\publish.yml = ..\.github\workflows\publish.yml
	EndProjectSection
EndProject
Project("{2150E333-8FDC-42A3-9474-1A3956D46DE8}") = "repo", "repo", "{582A0187-ADDC-4076-8D35-1CFE4ED3263A}"
	ProjectSection(SolutionItems) = preProject
		..\.editorconfig = ..\.editorconfig
		..\.gitignore = ..\.gitignore
	EndProjectSection
EndProject
Project("{2150E333-8FDC-42A3-9474-1A3956D46DE8}") = "tests", "tests", "{94D7B2F4-91D4-4BE3-BF1A-C48DA4F7993B}"
EndProject
Project("{9A19103F-16F7-4668-BE54-9A1E7A4F7556}") = "MockAssembly", "Test\MockAssembly\MockAssembly.csproj", "{3DCBBEFA-83F0-4AAA-867E-94EF668F5F7A}"
EndProject
Project("{2150E333-8FDC-42A3-9474-1A3956D46DE8}") = "submodules", "submodules", "{DABF27A9-2B6F-4AAC-8CE2-516058A2C925}"
EndProject
Project("{D954291E-2A0B-460D-934E-DC6B0785DB48}") = "CSUtilities", "CSUtilities\CSUtilities\CSUtilities.shproj", "{40DD6727-A582-48F2-81EF-5B7ACA272C79}"
EndProject
Project("{9A19103F-16F7-4668-BE54-9A1E7A4F7556}") = "NetDocGen.Tests", "NetDocGen.Tests\NetDocGen.Tests.csproj", "{EAA73186-95CB-40A7-8B71-E16C8C98AAC9}"
	ProjectSection(ProjectDependencies) = postProject
		{3DCBBEFA-83F0-4AAA-867E-94EF668F5F7A} = {3DCBBEFA-83F0-4AAA-867E-94EF668F5F7A}
	EndProjectSection
EndProject
Global
	GlobalSection(SolutionConfigurationPlatforms) = preSolution
		Coverage|Any CPU = Coverage|Any CPU
		Debug|Any CPU = Debug|Any CPU
		Release|Any CPU = Release|Any CPU
	EndGlobalSection
	GlobalSection(ProjectConfigurationPlatforms) = postSolution
		{D5801033-F407-40E1-85E6-D547A81D1470}.Coverage|Any CPU.ActiveCfg = Release|Any CPU
		{D5801033-F407-40E1-85E6-D547A81D1470}.Coverage|Any CPU.Build.0 = Release|Any CPU
		{D5801033-F407-40E1-85E6-D547A81D1470}.Debug|Any CPU.ActiveCfg = Debug|Any CPU
		{D5801033-F407-40E1-85E6-D547A81D1470}.Debug|Any CPU.Build.0 = Debug|Any CPU
		{D5801033-F407-40E1-85E6-D547A81D1470}.Release|Any CPU.ActiveCfg = Release|Any CPU
		{D5801033-F407-40E1-85E6-D547A81D1470}.Release|Any CPU.Build.0 = Release|Any CPU
		{F0A0BDEE-707F-4C8E-93B0-CFE199A861C9}.Coverage|Any CPU.ActiveCfg = Release|Any CPU
		{F0A0BDEE-707F-4C8E-93B0-CFE199A861C9}.Coverage|Any CPU.Build.0 = Release|Any CPU
		{F0A0BDEE-707F-4C8E-93B0-CFE199A861C9}.Debug|Any CPU.ActiveCfg = Debug|Any CPU
		{F0A0BDEE-707F-4C8E-93B0-CFE199A861C9}.Debug|Any CPU.Build.0 = Debug|Any CPU
		{F0A0BDEE-707F-4C8E-93B0-CFE199A861C9}.Release|Any CPU.ActiveCfg = Release|Any CPU
		{F0A0BDEE-707F-4C8E-93B0-CFE199A861C9}.Release|Any CPU.Build.0 = Release|Any CPU
		{3DCBBEFA-83F0-4AAA-867E-94EF668F5F7A}.Coverage|Any CPU.ActiveCfg = Release|Any CPU
		{3DCBBEFA-83F0-4AAA-867E-94EF668F5F7A}.Coverage|Any CPU.Build.0 = Release|Any CPU
		{3DCBBEFA-83F0-4AAA-867E-94EF668F5F7A}.Debug|Any CPU.ActiveCfg = Debug|Any CPU
		{3DCBBEFA-83F0-4AAA-867E-94EF668F5F7A}.Debug|Any CPU.Build.0 = Debug|Any CPU
		{3DCBBEFA-83F0-4AAA-867E-94EF668F5F7A}.Release|Any CPU.ActiveCfg = Release|Any CPU
		{3DCBBEFA-83F0-4AAA-867E-94EF668F5F7A}.Release|Any CPU.Build.0 = Release|Any CPU
		{EAA73186-95CB-40A7-8B71-E16C8C98AAC9}.Coverage|Any CPU.ActiveCfg = Debug|Any CPU
		{EAA73186-95CB-40A7-8B71-E16C8C98AAC9}.Coverage|Any CPU.Build.0 = Debug|Any CPU
		{EAA73186-95CB-40A7-8B71-E16C8C98AAC9}.Debug|Any CPU.ActiveCfg = Debug|Any CPU
		{EAA73186-95CB-40A7-8B71-E16C8C98AAC9}.Debug|Any CPU.Build.0 = Debug|Any CPU
		{EAA73186-95CB-40A7-8B71-E16C8C98AAC9}.Release|Any CPU.ActiveCfg = Release|Any CPU
		{EAA73186-95CB-40A7-8B71-E16C8C98AAC9}.Release|Any CPU.Build.0 = Release|Any CPU
	EndGlobalSection
	GlobalSection(SolutionProperties) = preSolution
		HideSolutionNode = FALSE
	EndGlobalSection
	GlobalSection(NestedProjects) = preSolution
		{551F6C53-6F6D-4A1D-896F-56216C99C216} = {2EF8ADE1-C2A8-466F-9871-ABC2F73C8911}
		{3DCBBEFA-83F0-4AAA-867E-94EF668F5F7A} = {94D7B2F4-91D4-4BE3-BF1A-C48DA4F7993B}
		{40DD6727-A582-48F2-81EF-5B7ACA272C79} = {DABF27A9-2B6F-4AAC-8CE2-516058A2C925}
		{EAA73186-95CB-40A7-8B71-E16C8C98AAC9} = {94D7B2F4-91D4-4BE3-BF1A-C48DA4F7993B}
	EndGlobalSection
	GlobalSection(ExtensibilityGlobals) = postSolution
		SolutionGuid = {36720E54-DFF0-4A4B-9F0E-4CA15FF49487}
	EndGlobalSection
	GlobalSection(SharedMSBuildProjectFiles) = preSolution
		CSUtilities\CSUtilities\CSUtilities.projitems*{40dd6727-a582-48f2-81ef-5b7aca272c79}*SharedItemsImports = 13
		CSUtilities\CSUtilities\CSUtilities.projitems*{d5801033-f407-40e1-85e6-d547a81d1470}*SharedItemsImports = 5
	EndGlobalSection
EndGlobal
